github.com/a-h/templ v0.2.476 h1:+H4hP4CwK4kfJwXsE6kHeFWMGtcVOVoOm/I64uzARBk=
github.com/a-h/templ v0.2.476/go.mod h1:zQ95mSyadNTGHv6k5Fm+wQU8zkBMMbHCHg7eAvUZKNM=
github.com/a-h/templ v0.2.707 h1:T1Gkd2ugbRglZ9rYw/VBchWOSZVKmetDbBkm4YubM7U=
github.com/a-h/templ v0.2.707/go.mod h1:5cqsugkq9IerRNucNsI4DEamdHPsoGMQy99DzydLhM8=
github.com/go-chi/chi/v5 v5.0.10 h1:rLz5avzKpjqxrYwXNfmjkrYYXOyLJd37pz53UFHC6vk=
github.com/go-chi/chi/v5 v5.0.10/go.mod h1:DslCQbL2OYiznFReuXYUmQ2hGd1aDpCnlMNITLSKoi8=
github.com/jinzhu/inflection v1.0.0 h1:K317FqzuhWc8YvSVlFMCCUb36O/S9MCKRDI7QkRKD/E=
github.com/jinzhu/inflection v1.0.0/go.mod h1:h+uFLlag+Qp1Va5pdKtLDYj+kHp5pxUVkryuEj+Srlc=
github.com/mfridman/interpolate v0.0.2 h1:pnuTK7MQIxxFz1Gr+rjSIx9u7qVjf5VOoM/u6BbAxPY=
github.com/mfridman/interpolate v0.0.2/go.mod h1:p+7uk6oE07mpE/Ik1b8EckO0O4ZXiGAfshKBWLUM9Xg=
github.com/pressly/goose/v3 v3.20.0 h1:uPJdOxF/Ipj7ABVNOAMJXSxwFXZGwMGHNqjC8e61VA0=
github.com/pressly/goose/v3 v3.20.0/go.mod h1:BRfF2GcG4FTG12QfdBVy3q1yveaf4ckL9vWwEcIO3lA=
github.com/sethvargo/go-retry v0.2.4 h1:T+jHEQy/zKJf5s95UkguisicE0zuF9y7+/vgz08Ocec=
github.com/sethvargo/go-retry v0.2.4/go.mod h1:1afjQuvh7s4gflMObvjLPaWgluLLyhA1wmVZ6KLpICw=
github.com/tmthrgd/go-hex v0.0.0-20190904060850-447a3041c3bc h1:9lRDQMhESg+zvGYmW5DyG0UqvY96Bu5QYsTLvCHdrgo=
github.com/tmthrgd/go-hex v0.0.0-20190904060850-447a3041c3bc/go.mod h1:bciPuU6GHm1iF1pBvUfxfsH0Wmnc2VbpgvbI9ZWuIRs=
github.com/uptrace/bun v1.2.1 h1:2ENAcfeCfaY5+2e7z5pXrzFKy3vS8VXvkCag6N2Yzfk=
github.com/uptrace/bun v1.2.1/go.mod h1:cNg+pWBUMmJ8rHnETgf65CEvn3aIKErrwOD6IA8e+Ec=
github.com/uptrace/bun/dialect/pgdialect v1.2.1 h1:ceP99r03u+s8ylaDE/RzgcajwGiC76Jz3nS2ZgyPQ4M=
github.com/uptrace/bun/dialect/pgdialect v1.2.1/go.mod h1:mv6B12cisvSc6bwKm9q9wcrr26awkZK8QXM+nso9n2U=
github.com/uptrace/bun/driver/pgdriver v1.2.1 h1:Cp6c1tKzbTIyL8o0cGT6cOhTsmQZdsUNhgcV51dsmLU=
github.com/uptrace/bun/driver/pgdriver v1.2.1/go.mod h1:jEd3WGx74hWLat3/IkesOoWNjrFNUDADK3nkyOFOOJM=
github.com/vmihailenco/msgpack/v5 v5.4.1 h1:cQriyiUvjTwOHg8QZaPihLWeRAAVoCpE00IUPn0Bjt8=
github.com/vmihailenco/msgpack/v5 v5.4.1/go.mod h1:GaZTsDaehaPpQVyxrf5mtQlH+pc21PIudVV/E3rRQok=
github.com/vmihailenco/tagparser/v2 v2.0.0 h1:y09buUbR+b5aycVFQs/g70pqKVZNBmxwAhO7/IwNM9g=
github.com/vmihailenco/tagparser/v2 v2.0.0/go.mod h1:Wri+At7QHww0WTrCBeu4J6bNtoV6mEfg5OIWRZA9qds=
go.uber.org/multierr v1.11.0 h1:blXXJkSxSSfBVBlC76pxqeO+LN3aDfLQo+309xJstO0=
go.uber.org/multierr v1.11.0/go.mod h1:20+QtiLqy0Nd6FdQB9TLXag12DsQkrbs3htMFfDN80Y=
golang.org/x/crypto v0.23.0 h1:dIJU/v2J8Mdglj/8rJ6UUOM3Zc9zLZxVZwwxMooUSAI=
golang.org/x/crypto v0.23.0/go.mod h1:CKFgDieR+mRhux2Lsu27y0fO304Db0wZe70UKqHu0v8=
golang.org/x/sync v0.7.0 h1:YsImfSBoP9QPYL0xyKJPq0gcaJdG3rInoqxTWbfQu9M=
golang.org/x/sync v0.7.0/go.mod h1:Czt+wKu1gCyEFDUtn0jG5QVvpJ6rzVqr5aXyt9drQfk=
golang.org/x/sys v0.20.0 h1:Od9JTbYCk261bKm4M/mw7AklTlFYIa0bIp9BgSm1S8Y=
golang.org/x/sys v0.20.0/go.mod h1:/VUhepiaJMQUp4+oa/7Zr1D23ma6VTLIYjOOTFZPUcA=
mellium.im/sasl v0.3.1 h1:wE0LW6g7U83vhvxjC1IY8DnXM+EU095yeo8XClvCdfo=
mellium.im/sasl v0.3.1/go.mod h1:xm59PUYpZHhgQ9ZqoJ5QaCqzWMi8IeS49dhp6plPCzw=
